
Microsoft Visual Studio Solution File, Format Version 12.00
# Visual Studio Version 17
VisualStudioVersion = 17.13.35931.197 d17.13
MinimumVisualStudioVersion = 10.0.40219.1
Project("{FAE04EC0-301F-11D3-BF4B-00C04F79EFBC}") = "ConfigurationByConvention", "ConfigurationByConvention\ConfigurationByConvention.csproj", "{AC625F75-DB50-4F11-8CD7-718EEC1129D8}"
EndProject
Project("{FAE04EC0-301F-11D3-BF4B-00C04F79EFBC}") = "OverrideConfigurationByDataAnnotations", "OverrideConfigurationByDataAnnotations\OverrideConfigurationByDataAnnotations.csproj", "{3DE7FF66-BC23-49B0-B085-CBE3DCD4F47A}"
EndProject
Project("{FAE04EC0-301F-11D3-BF4B-00C04F79EFBC}") = "OverrideConfigurationUsingFluentAPI", "OverrideConfigurationUsingFluentAPI\OverrideConfigurationUsingFluentAPI.csproj", "{26582ED2-644B-428C-85D3-B0404E4AB232}"
EndProject
Project("{FAE04EC0-301F-11D3-BF4B-00C04F79EFBC}") = "OverrideConfiguratiobByGroupingConfiguration", "OverrideConfiguratiobByGroupingConfiguration\OverrideConfiguratiobByGroupingConfiguration.csproj", "{58441329-F326-4D1C-9DF0-3B2303AE101C}"
EndProject
Project("{FAE04EC0-301F-11D3-BF4B-00C04F79EFBC}") = "CallGroupingConfigurationUsingAssembly", "CallGroupingConfigurationUsingAssembly\CallGroupingConfigurationUsingAssembly.csproj", "{1E87F787-9E34-45B7-87BD-016BC0494428}"
EndProject
Global
	GlobalSection(SolutionConfigurationPlatforms) = preSolution
		Debug|Any CPU = Debug|Any CPU
		Release|Any CPU = Release|Any CPU
	EndGlobalSection
	GlobalSection(ProjectConfigurationPlatforms) = postSolution
		{AC625F75-DB50-4F11-8CD7-718EEC1129D8}.Debug|Any CPU.ActiveCfg = Debug|Any CPU
		{AC625F75-DB50-4F11-8CD7-718EEC1129D8}.Debug|Any CPU.Build.0 = Debug|Any CPU
		{AC625F75-DB50-4F11-8CD7-718EEC1129D8}.Release|Any CPU.ActiveCfg = Release|Any CPU
		{AC625F75-DB50-4F11-8CD7-718EEC1129D8}.Release|Any CPU.Build.0 = Release|Any CPU
		{3DE7FF66-BC23-49B0-B085-CBE3DCD4F47A}.Debug|Any CPU.ActiveCfg = Debug|Any CPU
		{3DE7FF66-BC23-49B0-B085-CBE3DCD4F47A}.Debug|Any CPU.Build.0 = Debug|Any CPU
		{3DE7FF66-BC23-49B0-B085-CBE3DCD4F47A}.Release|Any CPU.ActiveCfg = Release|Any CPU
		{3DE7FF66-BC23-49B0-B085-CBE3DCD4F47A}.Release|Any CPU.Build.0 = Release|Any CPU
		{26582ED2-644B-428C-85D3-B0404E4AB232}.Debug|Any CPU.ActiveCfg = Debug|Any CPU
		{26582ED2-644B-428C-85D3-B0404E4AB232}.Debug|Any CPU.Build.0 = Debug|Any CPU
		{26582ED2-644B-428C-85D3-B0404E4AB232}.Release|Any CPU.ActiveCfg = Release|Any CPU
		{26582ED2-644B-428C-85D3-B0404E4AB232}.Release|Any CPU.Build.0 = Release|Any CPU
		{58441329-F326-4D1C-9DF0-3B2303AE101C}.Debug|Any CPU.ActiveCfg = Debug|Any CPU
		{58441329-F326-4D1C-9DF0-3B2303AE101C}.Debug|Any CPU.Build.0 = Debug|Any CPU
		{58441329-F326-4D1C-9DF0-3B2303AE101C}.Release|Any CPU.ActiveCfg = Release|Any CPU
		{58441329-F326-4D1C-9DF0-3B2303AE101C}.Release|Any CPU.Build.0 = Release|Any CPU
		{1E87F787-9E34-45B7-87BD-016BC0494428}.Debug|Any CPU.ActiveCfg = Debug|Any CPU
		{1E87F787-9E34-45B7-87BD-016BC0494428}.Debug|Any CPU.Build.0 = Debug|Any CPU
		{1E87F787-9E34-45B7-87BD-016BC0494428}.Release|Any CPU.ActiveCfg = Release|Any CPU
		{1E87F787-9E34-45B7-87BD-016BC0494428}.Release|Any CPU.Build.0 = Release|Any CPU
	EndGlobalSection
	GlobalSection(SolutionProperties) = preSolution
		HideSolutionNode = FALSE
	EndGlobalSection
	GlobalSection(ExtensibilityGlobals) = postSolution
		SolutionGuid = {5E50377D-B841-4BAE-8BBA-EF192FE19A82}
	EndGlobalSection
EndGlobal
